lockfileVersion: '9.0'

settings:
  autoInstallPeers: true
  excludeLinksFromLockfile: false

importers:

  .:
    dependencies:
      express:
        specifier: ^4.10.0
        version: 4.10.0

packages:

  accepts@1.1.4:
    resolution: {integrity: sha512-8EKM6XlFgqSpDcxkT9yxCT8nDSWEVBD0UjgUWMCWh5kH9VU+ar2MhmDDYGxohXujPU8PPz88ukpkvfXFVWygHw==}
    engines: {node: '>= 0.8'}

  content-disposition@0.5.0:
    resolution: {integrity: sha512-PWzG8GssMHTPSLBoOeK5MvPPJeWU5ZVX8omvJC16BUH/nUX6J/jM/hgm/mrPWzTXVV3B3OoBhFdHXyGLU4TgUw==}
    engines: {node: '>= 0.6'}

  cookie-signature@1.0.5:
    resolution: {integrity: sha512-Ym05XFKVD+EOB43QU3ovI/KvqFo5MP4BGsH+SkAMn2mdjLj2W4bOSyNsw1Ik1gI7CyDtR9Ae2TUFHexgaiEuZg==}

  cookie@0.1.2:
    resolution: {integrity: sha512-+mHmWbhevLwkiBf7QcbZXHr0v4ZQQ/OgHk3fsQHrsMMiGzuvAmU/YMUR+ZfrO/BLAGIWFfx2Z7Oyso0tZR/wiA==}

  crc@3.2.1:
    resolution: {integrity: sha512-H21TaZQyic++ilBStWHntVpS2STWO37tzE0w0P5iAY1ntaPVtlZ3E6FcwltyZa6MYrEbKMxjEwXh3fBHlW8Qqw==}

  debug@2.1.3:
    resolution: {integrity: sha512-KWau3VQmxO3YwQCjJzMPPusOtI0hx3UGsqnY7RS+QHQjUeawpOVtJvAdeTrI2Ja5DTR8KH3xaEN8c+ADbXJWeg==}
    peerDependencies:
      supports-color: '*'
    peerDependenciesMeta:
      supports-color:
        optional: true

  depd@1.0.1:
    resolution: {integrity: sha512-OEWAMbCkK9IWQ8pfTvHBhCSqHgR+sk5pbiYqq0FqfARG4Cy+cRsCbITx6wh5pcsmfBPiJAcbd98tfdz5fnBbag==}
    engines: {node: '>= 0.6'}

  destroy@1.0.3:
    resolution: {integrity: sha512-KB/AVLKRwZPOEo6/lxkDJ+Bv3jFRRrhmnRMPvpWwmIfUggpzGkQBqolyo8FRf833b/F5rzmy1uVN3fHBkjTxgw==}

  ee-first@1.1.0:
    resolution: {integrity: sha512-n4X/DaHVKHyDy1Rwuzm1UPjTRIBSarj1BBZ5R5HLOFLn58yhw510qoF1zk94jjkw3mXScdsmMtYCNR1jsAJlEA==}

  escape-html@1.0.1:
    resolution: {integrity: sha512-z6kAnok8fqVTra7Yu77dZF2Y6ETJlxH58wN38wNyuNQLm8xXdKnfNrlSmfXsTePWP03rRVUKHubtUwanwUi7+g==}

  etag@1.5.1:
    resolution: {integrity: sha512-Y+bhHICnjqZeY4I1kHDwvWTN0VcrI3ucWNbtofd0LLarRKEK8DkAL0uBdl3HCmf1HMjyrmgC/kqj+zXG5mYe7A==}
    engines: {node: '>= 0.6'}

  express@4.10.0:
    resolution: {integrity: sha512-n/+TXZzQQo6ZpHfuskjmkLt6PTHWNY5FHfL7zHLAcLPS7kFfYnEQWG6TqZGCd8aQoIr4Vf51RMZKqH3Xf5m+cw==}
    engines: {node: '>= 0.10.0'}

  finalhandler@0.3.2:
    resolution: {integrity: sha512-+V+86srh2q2ebx2iD1qG4J5GULZtZLujK+g6g9Rtwe1sKVekOIRyJaWOKyWoiUMLpI30JPlp1C8QH3ucLGmKoA==}
    engines: {node: '>= 0.8'}

  forwarded@0.1.2:
    resolution: {integrity: sha512-Ua9xNhH0b8pwE3yRbFfXJvfdWF0UHNCdeyb2sbi9Ul/M+r3PTdrz7Cv4SCfZRMjmzEM9PhraqfZFbGTIg3OMyA==}
    engines: {node: '>= 0.6'}

  fresh@0.2.4:
    resolution: {integrity: sha512-mnBGgIFRNu54GtbkXy6+QKPYW/b5joAURorA8ELeJc/5BBNph6Go1NmHa9dt08ghFnhGuLenrUmNO8Za1CwEUQ==}
    engines: {node: '>= 0.6'}

  ipaddr.js@1.0.5:
    resolution: {integrity: sha512-wBj+q+3uP78gMowwWgFLAYm/q4x5goyZmDsmuvyz+nd1u0D/ghgXXtc1OkgmTzSiWT101kiqGacwFk9eGQw6xQ==}
    engines: {node: '>= 0.10'}

  media-typer@0.3.0:
    resolution: {integrity: sha512-dq+qelQ9akHpcOl/gUVRTxVIOkAJ1wR3QAvb4RsVjS8oVoFjDGTc679wJYmUmknUF5HwMLOgb5O+a3KxfWapPQ==}
    engines: {node: '>= 0.6'}

  merge-descriptors@0.0.2:
    resolution: {integrity: sha512-dYBT4Ep+t/qnPeJcnMymmhTdd4g8/hn48ciaDqLAkfRf8abzLPS6Rb6EBdz5CZCL8tzZuI5ps9MhGQGxk+EuKg==}

  methods@1.1.0:
    resolution: {integrity: sha512-Th88HxNePtsAmz0WjEhVVyRGv9AQFLv4z6zOj4Dt15PjsKLWB8JXSmxzP+Q27139+AXao0AlCWvonFuJhu4GuA==}

  mime-db@1.12.0:
    resolution: {integrity: sha512-5aMAW7I4jZoZB27fXRuekqc4DVvJ7+hM8UcWrNj2mqibE54gXgPSonBYBdQW5hyaVNGmiYjY0ZMqn9fBefWYvA==}
    engines: {node: '>= 0.6'}

  mime-types@2.0.14:
    resolution: {integrity: sha512-2ZHUEstNkIf2oTWgtODr6X0Cc4Ns/RN/hktdozndiEhhAC2wxXejF1FH0XLHTEImE9h6gr/tcnr3YOnSGsxc7Q==}
    engines: {node: '>= 0.6'}

  mime@1.2.11:
    resolution: {integrity: sha512-Ysa2F/nqTNGHhhm9MV8ure4+Hc+Y8AWiqUdHxsO7xu8zc92ND9f3kpALHjaP026Ft17UfxrMt95c50PLUeynBw==}

  ms@0.6.2:
    resolution: {integrity: sha512-/pc3eh7TWorTtbvXg8je4GvrvEqCfH7PA3P7iW01yL2E53FKixzgMBaQi0NOPbMJqY34cBSvR0tZtmlTkdUG4A==}

  ms@0.7.0:
    resolution: {integrity: sha512-YmuMMkfOZzzAftlHwiQxFepJx/5rDaYi9o9QanyBCk485BRAyM/vB9XoYlZvglxE/pmAWOiQgrdoE10watiK9w==}

  negotiator@0.4.9:
    resolution: {integrity: sha512-fvi5GQce2TGDzanaTxNY3bboxjdce18sqwNylY439wkEkiJIyTMhGFMdlPCvDsIPa9IKIfhKwCMWEQ9YpZgb1Q==}
    engines: {node: '>= 0.6'}

  on-finished@2.1.1:
    resolution: {integrity: sha512-3ljOi5Zrf46pSbY/39CaJulZQN9XRfmeWqXkeWddhhKD7B4n7nOTisLdaZmAXI1P3A57peTj4pHokMY8X7ICCA==}
    engines: {node: '>= 0.8'}

  parseurl@1.3.3:
    resolution: {integrity: sha512-CiyeOxFT/JZyN5m0z9PfXw4SCBJ6Sygz1Dpl0wqjlhDEGGBP1GnsUVEL0p63hoG1fcj3fHynXi9NYO4nWOL+qQ==}
    engines: {node: '>= 0.8'}

  path-to-regexp@0.1.3:
    resolution: {integrity: sha512-sd4vSOW+DCM6A5aRICI1CWaC7nufnzVpZfuh5T0VXshxxzFWuaFcvqKovAFLNGReOc+uZRptpcpPmn7CDvzLuA==}

  proxy-addr@1.0.10:
    resolution: {integrity: sha512-iq6kR9KN32aFvXjDyC8nIrm203AHeIBPjL6dpaHgSdbpTO8KoPlD0xG92xwwtkCL9+yt1LE5VwpEk43TyP38Dg==}
    engines: {node: '>= 0.6'}

  qs@2.3.0:
    resolution: {integrity: sha512-UpJkm08AWL8e0SjpToEvCO1XHoEEh6USzRfxbcxf+nZvcmuwlJAFbImmAz2p3/Tyoi004KXg1fHBLwnyC3iovA==}

  range-parser@1.0.3:
    resolution: {integrity: sha512-nDsRrtIxVUO5opg/A8T2S3ebULVIfuh8ECbh4w3N4mWxIiT3QILDJDUQayPqm2e8Q8NUa0RSUkGCfe33AfjR3Q==}
    engines: {node: '>= 0.6'}

  send@0.10.1:
    resolution: {integrity: sha512-dSL7VfFGv0Du8qj0YntGl552UjWgZxTfFrBvngjc1wDPncyZnukfbGKWLW/Eo7qNlEbm6cUbLeCJBH9LJ/cDPQ==}
    engines: {node: '>= 0.8.0'}

  serve-static@1.7.2:
    resolution: {integrity: sha512-/PaWqZFkjFYXqGLOs6nc0ameuFkzzU0MrdKt6oxdv7EZ7Dx2/X2LKMu7VZs8/oHt2//+bBI2z+Stq0EE0F9z1g==}
    engines: {node: '>= 0.8.0'}

  type-is@1.5.7:
    resolution: {integrity: sha512-of68V0oUmVH4thGc1cLR3sKdICPsaL7kzpYc7FX1pcagY4eIllhyMqQcoOq289f+xj2orm8oPWwsCwxiCgVJbQ==}
    engines: {node: '>= 0.6'}

  utils-merge@1.0.0:
    resolution: {integrity: sha512-HwU9SLQEtyo+0uoKXd1nkLqigUWLB+QuNQR4OcmB73eWqksM5ovuqcycks2x043W8XVb75rG1HQ0h93TMXkzQQ==}
    engines: {node: '>= 0.4.0'}

  vary@1.0.1:
    resolution: {integrity: sha512-yNsH+tC0r8quK2tg/yqkXqqaYzeKTkSqQ+8T6xCoWgOi/bU/omMYz+6k+I91JJJDeltJzI7oridTOq6OYkY0Tw==}
    engines: {node: '>= 0.8'}

snapshots:

  accepts@1.1.4:
    dependencies:
      mime-types: 2.0.14
      negotiator: 0.4.9

  content-disposition@0.5.0: {}

  cookie-signature@1.0.5: {}

  cookie@0.1.2: {}

  crc@3.2.1: {}

  debug@2.1.3:
    dependencies:
      ms: 0.7.0

  depd@1.0.1: {}

  destroy@1.0.3: {}

  ee-first@1.1.0: {}

  escape-html@1.0.1: {}

  etag@1.5.1:
    dependencies:
      crc: 3.2.1

  express@4.10.0:
    dependencies:
      accepts: 1.1.4
      content-disposition: 0.5.0
      cookie: 0.1.2
      cookie-signature: 1.0.5
      debug: 2.1.3
      depd: 1.0.1
      escape-html: 1.0.1
      etag: 1.5.1
      finalhandler: 0.3.2
      fresh: 0.2.4
      media-typer: 0.3.0
      merge-descriptors: 0.0.2
      methods: 1.1.0
      on-finished: 2.1.1
      parseurl: 1.3.3
      path-to-regexp: 0.1.3
      proxy-addr: 1.0.10
      qs: 2.3.0
      range-parser: 1.0.3
      send: 0.10.1
      serve-static: 1.7.2
      type-is: 1.5.7
      utils-merge: 1.0.0
      vary: 1.0.1
    transitivePeerDependencies:
      - supports-color

  finalhandler@0.3.2:
    dependencies:
      debug: 2.1.3
      escape-html: 1.0.1
      on-finished: 2.1.1
    transitivePeerDependencies:
      - supports-color

  forwarded@0.1.2: {}

  fresh@0.2.4: {}

  ipaddr.js@1.0.5: {}

  media-typer@0.3.0: {}

  merge-descriptors@0.0.2: {}

  methods@1.1.0: {}

  mime-db@1.12.0: {}

  mime-types@2.0.14:
    dependencies:
      mime-db: 1.12.0

  mime@1.2.11: {}

  ms@0.6.2: {}

  ms@0.7.0: {}

  negotiator@0.4.9: {}

  on-finished@2.1.1:
    dependencies:
      ee-first: 1.1.0

  parseurl@1.3.3: {}

  path-to-regexp@0.1.3: {}

  proxy-addr@1.0.10:
    dependencies:
      forwarded: 0.1.2
      ipaddr.js: 1.0.5

  qs@2.3.0: {}

  range-parser@1.0.3: {}

  send@0.10.1:
    dependencies:
      debug: 2.1.3
      depd: 1.0.1
      destroy: 1.0.3
      escape-html: 1.0.1
      etag: 1.5.1
      fresh: 0.2.4
      mime: 1.2.11
      ms: 0.6.2
      on-finished: 2.1.1
      range-parser: 1.0.3
    transitivePeerDependencies:
      - supports-color

  serve-static@1.7.2:
    dependencies:
      escape-html: 1.0.1
      parseurl: 1.3.3
      send: 0.10.1
      utils-merge: 1.0.0
    transitivePeerDependencies:
      - supports-color

  type-is@1.5.7:
    dependencies:
      media-typer: 0.3.0
      mime-types: 2.0.14

  utils-merge@1.0.0: {}

  vary@1.0.1: {}
